
Microsoft Visual Studio Solution File, Format Version 12.00
# Visual Studio Version 17
VisualStudioVersion = 17.11.35219.272
MinimumVisualStudioVersion = 10.0.40219.1
Project("{2150E333-8FDC-42A3-9474-1A3956D46DE8}") = "Backend", "Backend", "{AF290E4E-4DB4-4EBC-9EE3-E74CC32A60D4}"
EndProject
Project("{2150E333-8FDC-42A3-9474-1A3956D46DE8}") = "Frontend", "Frontend", "{43E171FC-5A65-4959-A5CE-8A2DE0A0B207}"
EndProject
Project("{FAE04EC0-301F-11D3-BF4B-00C04F79EFBC}") = "APIFundamentals", "APIFundamentals\APIFundamentals.csproj", "{FE335B18-C80D-440E-8EED-714376B98025}"
EndProject
Project("{FAE04EC0-301F-11D3-BF4B-00C04F79EFBC}") = "MVCfundamentals", "MVCfundamentals\MVCfundamentals.csproj", "{5EAAC526-7D58-440E-90E9-97B13E604C33}"
EndProject
Project("{2150E333-8FDC-42A3-9474-1A3956D46DE8}") = "Libraries", "Libraries", "{834F5808-6D6F-4FF5-ADF7-E87691DEF1C5}"
EndProject
Project("{FAE04EC0-301F-11D3-BF4B-00C04F79EFBC}") = "Fundamentals.Models", "Fundamentals.Models\Fundamentals.Models.csproj", "{B5CA23D7-4976-4E1E-B70A-26CA0E426ED9}"
EndProject
Global
	GlobalSection(SolutionConfigurationPlatforms) = preSolution
		Debug|Any CPU = Debug|Any CPU
		Release|Any CPU = Release|Any CPU
	EndGlobalSection
	GlobalSection(ProjectConfigurationPlatforms) = postSolution
		{FE335B18-C80D-440E-8EED-714376B98025}.Debug|Any CPU.ActiveCfg = Debug|Any CPU
		{FE335B18-C80D-440E-8EED-714376B98025}.Debug|Any CPU.Build.0 = Debug|Any CPU
		{FE335B18-C80D-440E-8EED-714376B98025}.Release|Any CPU.ActiveCfg = Release|Any CPU
		{FE335B18-C80D-440E-8EED-714376B98025}.Release|Any CPU.Build.0 = Release|Any CPU
		{5EAAC526-7D58-440E-90E9-97B13E604C33}.Debug|Any CPU.ActiveCfg = Debug|Any CPU
		{5EAAC526-7D58-440E-90E9-97B13E604C33}.Debug|Any CPU.Build.0 = Debug|Any CPU
		{5EAAC526-7D58-440E-90E9-97B13E604C33}.Release|Any CPU.ActiveCfg = Release|Any CPU
		{5EAAC526-7D58-440E-90E9-97B13E604C33}.Release|Any CPU.Build.0 = Release|Any CPU
		{B5CA23D7-4976-4E1E-B70A-26CA0E426ED9}.Debug|Any CPU.ActiveCfg = Debug|Any CPU
		{B5CA23D7-4976-4E1E-B70A-26CA0E426ED9}.Debug|Any CPU.Build.0 = Debug|Any CPU
		{B5CA23D7-4976-4E1E-B70A-26CA0E426ED9}.Release|Any CPU.ActiveCfg = Release|Any CPU
		{B5CA23D7-4976-4E1E-B70A-26CA0E426ED9}.Release|Any CPU.Build.0 = Release|Any CPU
	EndGlobalSection
	GlobalSection(SolutionProperties) = preSolution
		HideSolutionNode = FALSE
	EndGlobalSection
	GlobalSection(NestedProjects) = preSolution
		{FE335B18-C80D-440E-8EED-714376B98025} = {AF290E4E-4DB4-4EBC-9EE3-E74CC32A60D4}
		{5EAAC526-7D58-440E-90E9-97B13E604C33} = {43E171FC-5A65-4959-A5CE-8A2DE0A0B207}
		{B5CA23D7-4976-4E1E-B70A-26CA0E426ED9} = {834F5808-6D6F-4FF5-ADF7-E87691DEF1C5}
	EndGlobalSection
	GlobalSection(ExtensibilityGlobals) = postSolution
		SolutionGuid = {42F3FABA-D198-4FBD-818C-FC7E6B105799}
	EndGlobalSection
EndGlobal
